
Microsoft Visual Studio Solution File, Format Version 12.00
# Visual Studio Version 17
VisualStudioVersion = 17.13.36105.23 d17.13
MinimumVisualStudioVersion = 10.0.40219.1
Project("{FAE04EC0-301F-11D3-BF4B-00C04F79EFBC}") = "EncryptionDiary.API", "EncryptionDiary.API.csproj", "{8C5BD3AA-EADE-59B9-8904-58E1697D74A0}"
EndProject
Project("{FAE04EC0-301F-11D3-BF4B-00C04F79EFBC}") = "EncryptionDiary.Client", "..\EncryptionDiary.Client\EncryptionDiary.Client.csproj", "{4F160574-30CB-24B9-D796-C713611393F1}"
EndProject
Project("{FAE04EC0-301F-11D3-BF4B-00C04F79EFBC}") = "EncryptionDiary.Shared", "..\EncryptionDiary.Shared\EncryptionDiary.Shared.csproj", "{D45357DE-2521-F876-E6B9-9C8193A5DEEC}"
EndProject
Global
	GlobalSection(SolutionConfigurationPlatforms) = preSolution
		Debug|Any CPU = Debug|Any CPU
		Release|Any CPU = Release|Any CPU
	EndGlobalSection
	GlobalSection(ProjectConfigurationPlatforms) = postSolution
		{8C5BD3AA-EADE-59B9-8904-58E1697D74A0}.Debug|Any CPU.ActiveCfg = Debug|Any CPU
		{8C5BD3AA-EADE-59B9-8904-58E1697D74A0}.Debug|Any CPU.Build.0 = Debug|Any CPU
		{8C5BD3AA-EADE-59B9-8904-58E1697D74A0}.Release|Any CPU.ActiveCfg = Release|Any CPU
		{8C5BD3AA-EADE-59B9-8904-58E1697D74A0}.Release|Any CPU.Build.0 = Release|Any CPU
		{4F160574-30CB-24B9-D796-C713611393F1}.Debug|Any CPU.ActiveCfg = Debug|Any CPU
		{4F160574-30CB-24B9-D796-C713611393F1}.Debug|Any CPU.Build.0 = Debug|Any CPU
		{4F160574-30CB-24B9-D796-C713611393F1}.Release|Any CPU.ActiveCfg = Release|Any CPU
		{4F160574-30CB-24B9-D796-C713611393F1}.Release|Any CPU.Build.0 = Release|Any CPU
		{D45357DE-2521-F876-E6B9-9C8193A5DEEC}.Debug|Any CPU.ActiveCfg = Debug|Any CPU
		{D45357DE-2521-F876-E6B9-9C8193A5DEEC}.Debug|Any CPU.Build.0 = Debug|Any CPU
		{D45357DE-2521-F876-E6B9-9C8193A5DEEC}.Release|Any CPU.ActiveCfg = Release|Any CPU
		{D45357DE-2521-F876-E6B9-9C8193A5DEEC}.Release|Any CPU.Build.0 = Release|Any CPU
	EndGlobalSection
	GlobalSection(SolutionProperties) = preSolution
		HideSolutionNode = FALSE
	EndGlobalSection
	GlobalSection(ExtensibilityGlobals) = postSolution
		SolutionGuid = {470B21B9-AD54-41E9-AC3D-AD6979F964B4}
	EndGlobalSection
EndGlobal
